<?xml version="1.0" encoding="utf-8"?>
<Project ToolsVersion="4.0" xmlns="http://schemas.microsoft.com/developer/msbuild/2003">
  <ItemGroup>
    <Filter Include="Source Files">
      <UniqueIdentifier>{4FC737F1-C7A5-4376-A066-2A32D752A2FF}</UniqueIdentifier>
      <Extensions>cpp;c;cc;cxx;def;odl;idl;hpj;bat;asm;asmx</Extensions>
    </Filter>
    <Filter Include="Header Files">
      <UniqueIdentifier>{93995380-89BD-4b04-88EB-625FBE52EBFB}</UniqueIdentifier>
      <Extensions>h;hh;hpp;hxx;hm;inl;inc;xsd</Extensions>
    </Filter>
    <Filter Include="Resource Files">
      <UniqueIdentifier>{67DA6AB6-F800-4c08-8B7A-83BB121AAD01}</UniqueIdentifier>
      <Extensions>rc;ico;cur;bmp;dlg;rc2;rct;bin;rgs;gif;jpg;jpeg;jpe;resx;tiff;tif;png;wav;mfcribbon-ms</Extensions>
    </Filter>
    <Filter Include="Header Files\GL">
      <UniqueIdentifier>{203331db-2926-484d-812f-2c1d6968d999}</UniqueIdentifier>
    </Filter>
    <Filter Include="Source Files\GL">
      <UniqueIdentifier>{845cdb71-272f-4086-b9c3-ab044911c89e}</UniqueIdentifier>
    </Filter>
  </ItemGroup>
  <ItemGroup>
    <ClCompile Include="src\main.cpp">
      <Filter>Source Files</Filter>
    </ClCompile>
    <ClCompile Include="src\camera2d.cpp">
      <Filter>Source Files</Filter>
    </ClCompile>
    <ClCompile Include="src\linear_algebra.cpp">
      <Filter>Source Files</Filter>
    </ClCompile>
    <ClCompile Include="src\aabb2.c">
      <Filter>Source Files</Filter>
    </ClCompile>
    <ClCompile Include="src\aabb3.c">
      <Filter>Source Files</Filter>
    </ClCompile>
    <ClCompile Include="src\mat3.c">
      <Filter>Source Files</Filter>
    </ClCompile>
    <ClCompile Include="src\mat4.c">
      <Filter>Source Files</Filter>
    </ClCompile>
    <ClCompile Include="src\plane.c">
      <Filter>Source Files</Filter>
    </ClCompile>
    <ClCompile Include="src\quaternion.c">
      <Filter>Source Files</Filter>
    </ClCompile>
    <ClCompile Include="src\ray2.c">
      <Filter>Source Files</Filter>
    </ClCompile>
    <ClCompile Include="src\ray3.c">
      <Filter>Source Files</Filter>
    </ClCompile>
    <ClCompile Include="src\utility.c">
      <Filter>Source Files</Filter>
    </ClCompile>
    <ClCompile Include="src\vec2.c">
      <Filter>Source Files</Filter>
    </ClCompile>
    <ClCompile Include="src\vec3.c">
      <Filter>Source Files</Filter>
    </ClCompile>
    <ClCompile Include="src\vec4.c">
      <Filter>Source Files</Filter>
    </ClCompile>
    <ClCompile Include="src\GL\mat4stack.c">
      <Filter>Source Files\GL</Filter>
    </ClCompile>
    <ClCompile Include="src\GL\matrix.c">
      <Filter>Source Files\GL</Filter>
    </ClCompile>
    <ClCompile Include="src\math2d.c">
      <Filter>Source Files</Filter>
    </ClCompile>
  </ItemGroup>
  <ItemGroup>
    <ClInclude Include="src\camera2d.h">
      <Filter>Header Files</Filter>
    </ClInclude>
    <ClInclude Include="src\linear_algebra.h">
      <Filter>Header Files</Filter>
    </ClInclude>
    <ClInclude Include="src\aabb2.h">
      <Filter>Header Files</Filter>
    </ClInclude>
    <ClInclude Include="src\aabb3.h">
      <Filter>Header Files</Filter>
    </ClInclude>
    <ClInclude Include="src\kazmath.h">
      <Filter>Header Files</Filter>
    </ClInclude>
    <ClInclude Include="src\mat3.h">
      <Filter>Header Files</Filter>
    </ClInclude>
    <ClInclude Include="src\mat4.h">
      <Filter>Header Files</Filter>
    </ClInclude>
    <ClInclude Include="src\plane.h">
      <Filter>Header Files</Filter>
    </ClInclude>
    <ClInclude Include="src\quaternion.h">
      <Filter>Header Files</Filter>
    </ClInclude>
    <ClInclude Include="src\ray2.h">
      <Filter>Header Files</Filter>
    </ClInclude>
    <ClInclude Include="src\ray3.h">
      <Filter>Header Files</Filter>
    </ClInclude>
    <ClInclude Include="src\utility.h">
      <Filter>Header Files</Filter>
    </ClInclude>
    <ClInclude Include="src\vec2.h">
      <Filter>Header Files</Filter>
    </ClInclude>
    <ClInclude Include="src\vec3.h">
      <Filter>Header Files</Filter>
    </ClInclude>
    <ClInclude Include="src\vec4.h">
      <Filter>Header Files</Filter>
    </ClInclude>
    <ClInclude Include="src\GL\mat4stack.h">
      <Filter>Header Files\GL</Filter>
    </ClInclude>
    <ClInclude Include="src\GL\matrix.h">
      <Filter>Header Files\GL</Filter>
    </ClInclude>
    <ClInclude Include="src\math2d.h">
      <Filter>Header Files</Filter>
    </ClInclude>
  </ItemGroup>
</Project>